
Microsoft Visual Studio Solution File, Format Version 12.00
# Visual Studio Version 17
VisualStudioVersion = 17.10.34928.147
MinimumVisualStudioVersion = 10.0.40219.1
Project("{FAE04EC0-301F-11D3-BF4B-00C04F79EFBC}") = "VpnChecker", "VpnChecker\VpnChecker.csproj", "{DE1220AB-E5FF-41AB-BA22-B8432DDCD756}"
EndProject
Global
	GlobalSection(SolutionConfigurationPlatforms) = preSolution
		Debug|Any CPU = Debug|Any CPU
		Release|Any CPU = Release|Any CPU
	EndGlobalSection
	GlobalSection(ProjectConfigurationPlatforms) = postSolution
		{DE1220AB-E5FF-41AB-BA22-B8432DDCD756}.Debug|Any CPU.ActiveCfg = Debug|Any CPU
		{DE1220AB-E5FF-41AB-BA22-B8432DDCD756}.Debug|Any CPU.Build.0 = Debug|Any CPU
		{DE1220AB-E5FF-41AB-BA22-B8432DDCD756}.Release|Any CPU.ActiveCfg = Release|Any CPU
		{DE1220AB-E5FF-41AB-BA22-B8432DDCD756}.Release|Any CPU.Build.0 = Release|Any CPU
	EndGlobalSection
	GlobalSection(SolutionProperties) = preSolution
		HideSolutionNode = FALSE
	EndGlobalSection
	GlobalSection(ExtensibilityGlobals) = postSolution
		SolutionGuid = {46E0C4AF-A506-48DF-86DC-0E539E3961D5}
	EndGlobalSection
EndGlobal
